<?xml version="1.0" encoding="utf-8"?>
<Project ToolsVersion="4.0" xmlns="http://schemas.microsoft.com/developer/msbuild/2003">
  <ItemGroup>
    <Filter Include="Source Files">
      <UniqueIdentifier>{4FC737F1-C7A5-4376-A066-2A32D752A2FF}</UniqueIdentifier>
      <Extensions>cpp;c;cc;cxx;c++;cppm;ixx;def;odl;idl;hpj;bat;asm;asmx</Extensions>
    </Filter>
    <Filter Include="Header Files">
      <UniqueIdentifier>{93995380-89BD-4b04-88EB-625FBE52EBFB}</UniqueIdentifier>
      <Extensions>h;hh;hpp;hxx;h++;hm;inl;inc;ipp;xsd</Extensions>
    </Filter>
    <Filter Include="Resource Files">
      <UniqueIdentifier>{67DA6AB6-F800-4c08-8B7A-83BB121AAD01}</UniqueIdentifier>
      <Extensions>rc;ico;cur;bmp;dlg;rc2;rct;bin;rgs;gif;jpg;jpeg;jpe;resx;tiff;tif;png;wav;mfcribbon-ms</Extensions>
    </Filter>
  </ItemGroup>
  <ItemGroup>
    <ClCompile Include="main.cpp">
      <Filter>Source Files</Filter>
    </ClCompile>
    <ClCompile Include="SOIL\image_DXT.c">
      <Filter>Source Files</Filter>
    </ClCompile>
    <ClCompile Include="SOIL\image_helper.c">
      <Filter>Source Files</Filter>
    </ClCompile>
    <ClCompile Include="SOIL\SOIL.c">
      <Filter>Source Files</Filter>
    </ClCompile>
    <ClCompile Include="SOIL\stb_image_aug.c">
      <Filter>Source Files</Filter>
    </ClCompile>
    <ClCompile Include="utils\glUtils.cpp">
      <Filter>Source Files</Filter>
    </ClCompile>
    <ClCompile Include="utils\logics.cpp">
      <Filter>Source Files</Filter>
    </ClCompile>
    <ClCompile Include="Processor\Processor.cpp">
      <Filter>Source Files</Filter>
    </ClCompile>
  </ItemGroup>
  <ItemGroup>
    <ClInclude Include="SOIL\image_DXT.h">
      <Filter>Header Files</Filter>
    </ClInclude>
    <ClInclude Include="SOIL\image_helper.h">
      <Filter>Header Files</Filter>
    </ClInclude>
    <ClInclude Include="SOIL\SOIL.h">
      <Filter>Header Files</Filter>
    </ClInclude>
    <ClInclude Include="SOIL\stb_image_aug.h">
      <Filter>Header Files</Filter>
    </ClInclude>
    <ClInclude Include="SOIL\stbi_DDS_aug.h">
      <Filter>Header Files</Filter>
    </ClInclude>
    <ClInclude Include="SOIL\stbi_DDS_aug_c.h">
      <Filter>Header Files</Filter>
    </ClInclude>
    <ClInclude Include="utils\glUtils.h">
      <Filter>Header Files</Filter>
    </ClInclude>
    <ClInclude Include="utils\logics.h">
      <Filter>Header Files</Filter>
    </ClInclude>
    <ClInclude Include="Processor\Processor.h">
      <Filter>Header Files</Filter>
    </ClInclude>
    <ClInclude Include="Shape\Cube.h">
      <Filter>Header Files</Filter>
    </ClInclude>
    <ClInclude Include="Shape\index.h">
      <Filter>Header Files</Filter>
    </ClInclude>
    <ClInclude Include="Shape\Shape.h">
      <Filter>Header Files</Filter>
    </ClInclude>
    <ClInclude Include="macros.h">
      <Filter>Header Files</Filter>
    </ClInclude>
    <ClInclude Include="Provider\Textures.h">
      <Filter>Header Files</Filter>
    </ClInclude>
    <ClInclude Include="Storage\Storage.h">
      <Filter>Header Files</Filter>
    </ClInclude>
    <ClInclude Include="Shape\Circle.h">
      <Filter>Header Files</Filter>
    </ClInclude>
    <ClInclude Include="Shape\Sphere.h">
      <Filter>Header Files</Filter>
    </ClInclude>
    <ClInclude Include="Shape\Cylinder.h">
      <Filter>Header Files</Filter>
    </ClInclude>
    <ClInclude Include="Shape\Cone.h">
      <Filter>Header Files</Filter>
    </ClInclude>
    <ClInclude Include="Shape\Torus.h">
      <Filter>Header Files</Filter>
    </ClInclude>
    <ClInclude Include="Shape\Paraboloid.h">
      <Filter>Header Files</Filter>
    </ClInclude>
    <ClInclude Include="Shape\MyEllipse.h">
      <Filter>Header Files</Filter>
    </ClInclude>
    <ClInclude Include="Shape\Hyperboloid.h">
      <Filter>Header Files</Filter>
    </ClInclude>
  </ItemGroup>
</Project>